
Microsoft Visual Studio Solution File, Format Version 12.00
# Visual Studio 15
VisualStudioVersion = 15.0.28307.421
MinimumVisualStudioVersion = 10.0.40219.1
Project("{2150E333-8FDC-42A3-9474-1A3956D46DE8}") = "Creational", "Creational", "{00DC8BDB-315C-4601-B950-633B3DD55D03}"
EndProject
Project("{2150E333-8FDC-42A3-9474-1A3956D46DE8}") = "SOLID", "SOLID", "{01D794BC-BCEB-4808-9DF0-A1C240A112C7}"
	ProjectSection(SolutionItems) = preProject
		Introduce.txt = Introduce.txt
	EndProjectSection
EndProject
Project("{FAE04EC0-301F-11D3-BF4B-00C04F79EFBC}") = "SingleResponsibilityPrinciple", "SOLID\SingleResponsibilityPrinciple\SingleResponsibilityPrinciple.csproj", "{37E323C7-1FF9-4EFE-A954-9EB5A11632BE}"
EndProject
Project("{FAE04EC0-301F-11D3-BF4B-00C04F79EFBC}") = "Open-ClosePrinciple", "SOLID\Open-ClosePrinciple\Open-ClosePrinciple.csproj", "{6FA52671-52B0-43DD-BC06-5A876EF8A889}"
EndProject
Project("{FAE04EC0-301F-11D3-BF4B-00C04F79EFBC}") = "LiskovSubstitutionPrinciple", "SOLID\LiskovSubstitutionPrinciple\LiskovSubstitutionPrinciple.csproj", "{A18D3484-112D-4FA9-9036-24B038D1B9E6}"
EndProject
Project("{FAE04EC0-301F-11D3-BF4B-00C04F79EFBC}") = "InterfaceSegregationPrinciple", "SOLID\InterfaceSegregationPrinciple\InterfaceSegregationPrinciple.csproj", "{96274C05-905B-4122-9E04-BACC8D232A78}"
EndProject
Project("{FAE04EC0-301F-11D3-BF4B-00C04F79EFBC}") = "DependencyInversionPrinciple", "SOLID\DependencyInversionPrinciple\DependencyInversionPrinciple.csproj", "{32902DA4-5DA6-442C-A44F-DDF8117E3CD2}"
EndProject
Project("{2150E333-8FDC-42A3-9474-1A3956D46DE8}") = "Implent", "Implent", "{2BEDFCAB-1B9F-4B6E-8C38-972D0100E8E5}"
	ProjectSection(SolutionItems) = preProject
		ReadMe.txt = ReadMe.txt
	EndProjectSection
EndProject
Project("{FAE04EC0-301F-11D3-BF4B-00C04F79EFBC}") = "Implent_DIP", "SOLID\Implent\Implent_DIP\Implent_DIP.csproj", "{B891AA33-92F3-4236-8F3B-726292DB4FB7}"
EndProject
Project("{FAE04EC0-301F-11D3-BF4B-00C04F79EFBC}") = "LeastKnowledgePrinciple", "SOLID\LeastKnowledgePrinciple\LeastKnowledgePrinciple.csproj", "{3CA1C109-F62A-474A-BEFF-64F29FE36538}"
EndProject
Project("{2150E333-8FDC-42A3-9474-1A3956D46DE8}") = "DesignPatternIntroduce", "DesignPatternIntroduce", "{6036F39D-8B30-4ED5-8BE3-FB292F6830F7}"
	ProjectSection(SolutionItems) = preProject
		DesignPatternIntroduce.txt = DesignPatternIntroduce.txt
	EndProjectSection
EndProject
Project("{FAE04EC0-301F-11D3-BF4B-00C04F79EFBC}") = "Implent_SRP", "SOLID\Implent\Implent_SRP\Implent_SRP.csproj", "{0367FF54-C9FE-45B6-8F1E-E3A95C1A5010}"
EndProject
Project("{FAE04EC0-301F-11D3-BF4B-00C04F79EFBC}") = "Implent_OCP", "SOLID\Implent\Implent_OCP\Implent_OCP.csproj", "{E4439D00-928F-4E7A-81D8-60538EE1AA86}"
EndProject
Project("{FAE04EC0-301F-11D3-BF4B-00C04F79EFBC}") = "Implent_LSP", "SOLID\Implent\Implent_LSP\Implent_LSP.csproj", "{814514B3-0757-45E2-9CCE-D37CD0821921}"
EndProject
Project("{FAE04EC0-301F-11D3-BF4B-00C04F79EFBC}") = "Implent_ISP", "SOLID\Implent\Implent_ISP\Implent_ISP.csproj", "{F4B31403-C5E5-4204-9098-908A95486C1F}"
EndProject
Project("{FAE04EC0-301F-11D3-BF4B-00C04F79EFBC}") = "Implent_LKP", "SOLID\Implent\Implent_LKP\Implent_LKP.csproj", "{C4549D99-4E38-45E2-99D8-9166637AC2AE}"
EndProject
Project("{2150E333-8FDC-42A3-9474-1A3956D46DE8}") = "AllFactory", "AllFactory", "{2C7A6EBD-4C14-4A7F-91F0-BA7031FD5EE3}"
EndProject
Project("{2150E333-8FDC-42A3-9474-1A3956D46DE8}") = "SimpleFactory", "SimpleFactory", "{E20EAA2E-1D36-4F26-ADCD-4B4BAACEAAAF}"
EndProject
Project("{FAE04EC0-301F-11D3-BF4B-00C04F79EFBC}") = "SimpleFactory.Main", "Creational\AllFactory\SimpleFactory\SimpleFactory.Main\SimpleFactory.Main.csproj", "{9D50EF97-284B-4CBC-9A1D-663FAE9EABB2}"
EndProject
Project("{2150E333-8FDC-42A3-9474-1A3956D46DE8}") = "Factory", "Factory", "{788B6235-6432-4D4B-8D54-0701F5FD3535}"
EndProject
Project("{FAE04EC0-301F-11D3-BF4B-00C04F79EFBC}") = "Factory.Main", "Creational\AllFactory\Factory\Factory.Main\Factory.Main.csproj", "{B1AFB35D-0C35-492B-89DC-32A89C575B9E}"
EndProject
Project("{2150E333-8FDC-42A3-9474-1A3956D46DE8}") = "AbstractFactory", "AbstractFactory", "{EF90F9B0-3737-4DEF-8AC7-506792617D6A}"
EndProject
Project("{FAE04EC0-301F-11D3-BF4B-00C04F79EFBC}") = "AbstractFactory.Main", "Creational\AllFactory\AbstractFactory\AbstractFactory.Main\AbstractFactory.Main.csproj", "{CBF931E7-AB1C-4938-9FA9-52F6905DCBD8}"
EndProject
Global
	GlobalSection(SolutionConfigurationPlatforms) = preSolution
		Debug|Any CPU = Debug|Any CPU
		Release|Any CPU = Release|Any CPU
	EndGlobalSection
	GlobalSection(ProjectConfigurationPlatforms) = postSolution
		{37E323C7-1FF9-4EFE-A954-9EB5A11632BE}.Debug|Any CPU.ActiveCfg = Debug|Any CPU
		{37E323C7-1FF9-4EFE-A954-9EB5A11632BE}.Debug|Any CPU.Build.0 = Debug|Any CPU
		{37E323C7-1FF9-4EFE-A954-9EB5A11632BE}.Release|Any CPU.ActiveCfg = Release|Any CPU
		{37E323C7-1FF9-4EFE-A954-9EB5A11632BE}.Release|Any CPU.Build.0 = Release|Any CPU
		{6FA52671-52B0-43DD-BC06-5A876EF8A889}.Debug|Any CPU.ActiveCfg = Debug|Any CPU
		{6FA52671-52B0-43DD-BC06-5A876EF8A889}.Debug|Any CPU.Build.0 = Debug|Any CPU
		{6FA52671-52B0-43DD-BC06-5A876EF8A889}.Release|Any CPU.ActiveCfg = Release|Any CPU
		{6FA52671-52B0-43DD-BC06-5A876EF8A889}.Release|Any CPU.Build.0 = Release|Any CPU
		{A18D3484-112D-4FA9-9036-24B038D1B9E6}.Debug|Any CPU.ActiveCfg = Debug|Any CPU
		{A18D3484-112D-4FA9-9036-24B038D1B9E6}.Debug|Any CPU.Build.0 = Debug|Any CPU
		{A18D3484-112D-4FA9-9036-24B038D1B9E6}.Release|Any CPU.ActiveCfg = Release|Any CPU
		{A18D3484-112D-4FA9-9036-24B038D1B9E6}.Release|Any CPU.Build.0 = Release|Any CPU
		{96274C05-905B-4122-9E04-BACC8D232A78}.Debug|Any CPU.ActiveCfg = Debug|Any CPU
		{96274C05-905B-4122-9E04-BACC8D232A78}.Debug|Any CPU.Build.0 = Debug|Any CPU
		{96274C05-905B-4122-9E04-BACC8D232A78}.Release|Any CPU.ActiveCfg = Release|Any CPU
		{96274C05-905B-4122-9E04-BACC8D232A78}.Release|Any CPU.Build.0 = Release|Any CPU
		{32902DA4-5DA6-442C-A44F-DDF8117E3CD2}.Debug|Any CPU.ActiveCfg = Debug|Any CPU
		{32902DA4-5DA6-442C-A44F-DDF8117E3CD2}.Debug|Any CPU.Build.0 = Debug|Any CPU
		{32902DA4-5DA6-442C-A44F-DDF8117E3CD2}.Release|Any CPU.ActiveCfg = Release|Any CPU
		{32902DA4-5DA6-442C-A44F-DDF8117E3CD2}.Release|Any CPU.Build.0 = Release|Any CPU
		{B891AA33-92F3-4236-8F3B-726292DB4FB7}.Debug|Any CPU.ActiveCfg = Debug|Any CPU
		{B891AA33-92F3-4236-8F3B-726292DB4FB7}.Debug|Any CPU.Build.0 = Debug|Any CPU
		{B891AA33-92F3-4236-8F3B-726292DB4FB7}.Release|Any CPU.ActiveCfg = Release|Any CPU
		{B891AA33-92F3-4236-8F3B-726292DB4FB7}.Release|Any CPU.Build.0 = Release|Any CPU
		{3CA1C109-F62A-474A-BEFF-64F29FE36538}.Debug|Any CPU.ActiveCfg = Debug|Any CPU
		{3CA1C109-F62A-474A-BEFF-64F29FE36538}.Debug|Any CPU.Build.0 = Debug|Any CPU
		{3CA1C109-F62A-474A-BEFF-64F29FE36538}.Release|Any CPU.ActiveCfg = Release|Any CPU
		{3CA1C109-F62A-474A-BEFF-64F29FE36538}.Release|Any CPU.Build.0 = Release|Any CPU
		{0367FF54-C9FE-45B6-8F1E-E3A95C1A5010}.Debug|Any CPU.ActiveCfg = Debug|Any CPU
		{0367FF54-C9FE-45B6-8F1E-E3A95C1A5010}.Debug|Any CPU.Build.0 = Debug|Any CPU
		{0367FF54-C9FE-45B6-8F1E-E3A95C1A5010}.Release|Any CPU.ActiveCfg = Release|Any CPU
		{0367FF54-C9FE-45B6-8F1E-E3A95C1A5010}.Release|Any CPU.Build.0 = Release|Any CPU
		{E4439D00-928F-4E7A-81D8-60538EE1AA86}.Debug|Any CPU.ActiveCfg = Debug|Any CPU
		{E4439D00-928F-4E7A-81D8-60538EE1AA86}.Debug|Any CPU.Build.0 = Debug|Any CPU
		{E4439D00-928F-4E7A-81D8-60538EE1AA86}.Release|Any CPU.ActiveCfg = Release|Any CPU
		{E4439D00-928F-4E7A-81D8-60538EE1AA86}.Release|Any CPU.Build.0 = Release|Any CPU
		{814514B3-0757-45E2-9CCE-D37CD0821921}.Debug|Any CPU.ActiveCfg = Debug|Any CPU
		{814514B3-0757-45E2-9CCE-D37CD0821921}.Debug|Any CPU.Build.0 = Debug|Any CPU
		{814514B3-0757-45E2-9CCE-D37CD0821921}.Release|Any CPU.ActiveCfg = Release|Any CPU
		{814514B3-0757-45E2-9CCE-D37CD0821921}.Release|Any CPU.Build.0 = Release|Any CPU
		{F4B31403-C5E5-4204-9098-908A95486C1F}.Debug|Any CPU.ActiveCfg = Debug|Any CPU
		{F4B31403-C5E5-4204-9098-908A95486C1F}.Debug|Any CPU.Build.0 = Debug|Any CPU
		{F4B31403-C5E5-4204-9098-908A95486C1F}.Release|Any CPU.ActiveCfg = Release|Any CPU
		{F4B31403-C5E5-4204-9098-908A95486C1F}.Release|Any CPU.Build.0 = Release|Any CPU
		{C4549D99-4E38-45E2-99D8-9166637AC2AE}.Debug|Any CPU.ActiveCfg = Debug|Any CPU
		{C4549D99-4E38-45E2-99D8-9166637AC2AE}.Debug|Any CPU.Build.0 = Debug|Any CPU
		{C4549D99-4E38-45E2-99D8-9166637AC2AE}.Release|Any CPU.ActiveCfg = Release|Any CPU
		{C4549D99-4E38-45E2-99D8-9166637AC2AE}.Release|Any CPU.Build.0 = Release|Any CPU
		{9D50EF97-284B-4CBC-9A1D-663FAE9EABB2}.Debug|Any CPU.ActiveCfg = Debug|Any CPU
		{9D50EF97-284B-4CBC-9A1D-663FAE9EABB2}.Debug|Any CPU.Build.0 = Debug|Any CPU
		{9D50EF97-284B-4CBC-9A1D-663FAE9EABB2}.Release|Any CPU.ActiveCfg = Release|Any CPU
		{9D50EF97-284B-4CBC-9A1D-663FAE9EABB2}.Release|Any CPU.Build.0 = Release|Any CPU
		{B1AFB35D-0C35-492B-89DC-32A89C575B9E}.Debug|Any CPU.ActiveCfg = Debug|Any CPU
		{B1AFB35D-0C35-492B-89DC-32A89C575B9E}.Debug|Any CPU.Build.0 = Debug|Any CPU
		{B1AFB35D-0C35-492B-89DC-32A89C575B9E}.Release|Any CPU.ActiveCfg = Release|Any CPU
		{B1AFB35D-0C35-492B-89DC-32A89C575B9E}.Release|Any CPU.Build.0 = Release|Any CPU
		{CBF931E7-AB1C-4938-9FA9-52F6905DCBD8}.Debug|Any CPU.ActiveCfg = Debug|Any CPU
		{CBF931E7-AB1C-4938-9FA9-52F6905DCBD8}.Debug|Any CPU.Build.0 = Debug|Any CPU
		{CBF931E7-AB1C-4938-9FA9-52F6905DCBD8}.Release|Any CPU.ActiveCfg = Release|Any CPU
		{CBF931E7-AB1C-4938-9FA9-52F6905DCBD8}.Release|Any CPU.Build.0 = Release|Any CPU
	EndGlobalSection
	GlobalSection(SolutionProperties) = preSolution
		HideSolutionNode = FALSE
	EndGlobalSection
	GlobalSection(NestedProjects) = preSolution
		{37E323C7-1FF9-4EFE-A954-9EB5A11632BE} = {01D794BC-BCEB-4808-9DF0-A1C240A112C7}
		{6FA52671-52B0-43DD-BC06-5A876EF8A889} = {01D794BC-BCEB-4808-9DF0-A1C240A112C7}
		{A18D3484-112D-4FA9-9036-24B038D1B9E6} = {01D794BC-BCEB-4808-9DF0-A1C240A112C7}
		{96274C05-905B-4122-9E04-BACC8D232A78} = {01D794BC-BCEB-4808-9DF0-A1C240A112C7}
		{32902DA4-5DA6-442C-A44F-DDF8117E3CD2} = {01D794BC-BCEB-4808-9DF0-A1C240A112C7}
		{2BEDFCAB-1B9F-4B6E-8C38-972D0100E8E5} = {01D794BC-BCEB-4808-9DF0-A1C240A112C7}
		{B891AA33-92F3-4236-8F3B-726292DB4FB7} = {2BEDFCAB-1B9F-4B6E-8C38-972D0100E8E5}
		{3CA1C109-F62A-474A-BEFF-64F29FE36538} = {01D794BC-BCEB-4808-9DF0-A1C240A112C7}
		{0367FF54-C9FE-45B6-8F1E-E3A95C1A5010} = {2BEDFCAB-1B9F-4B6E-8C38-972D0100E8E5}
		{E4439D00-928F-4E7A-81D8-60538EE1AA86} = {2BEDFCAB-1B9F-4B6E-8C38-972D0100E8E5}
		{814514B3-0757-45E2-9CCE-D37CD0821921} = {2BEDFCAB-1B9F-4B6E-8C38-972D0100E8E5}
		{F4B31403-C5E5-4204-9098-908A95486C1F} = {2BEDFCAB-1B9F-4B6E-8C38-972D0100E8E5}
		{C4549D99-4E38-45E2-99D8-9166637AC2AE} = {2BEDFCAB-1B9F-4B6E-8C38-972D0100E8E5}
		{2C7A6EBD-4C14-4A7F-91F0-BA7031FD5EE3} = {00DC8BDB-315C-4601-B950-633B3DD55D03}
		{E20EAA2E-1D36-4F26-ADCD-4B4BAACEAAAF} = {2C7A6EBD-4C14-4A7F-91F0-BA7031FD5EE3}
		{9D50EF97-284B-4CBC-9A1D-663FAE9EABB2} = {E20EAA2E-1D36-4F26-ADCD-4B4BAACEAAAF}
		{788B6235-6432-4D4B-8D54-0701F5FD3535} = {2C7A6EBD-4C14-4A7F-91F0-BA7031FD5EE3}
		{B1AFB35D-0C35-492B-89DC-32A89C575B9E} = {788B6235-6432-4D4B-8D54-0701F5FD3535}
		{EF90F9B0-3737-4DEF-8AC7-506792617D6A} = {2C7A6EBD-4C14-4A7F-91F0-BA7031FD5EE3}
		{CBF931E7-AB1C-4938-9FA9-52F6905DCBD8} = {EF90F9B0-3737-4DEF-8AC7-506792617D6A}
	EndGlobalSection
	GlobalSection(ExtensibilityGlobals) = postSolution
		SolutionGuid = {51D62FA9-26CD-4A9E-BF5B-D3A20D4F8892}
	EndGlobalSection
EndGlobal
